
﻿Microsoft Visual Studio Solution File, Format Version 12.00
# Visual Studio 15
VisualStudioVersion = 15.0.26430.4
MinimumVisualStudioVersion = 10.0.40219.1
Project("{FAE04EC0-301F-11D3-BF4B-00C04F79EFBC}") = "EfCore.UnitOfWork", "EfCore.UnitOfWork\EfCore.UnitOfWork.csproj", "{EFFD641D-20F9-44F9-BD58-7DEA02ACB9A0}"
EndProject
Project("{FAE04EC0-301F-11D3-BF4B-00C04F79EFBC}") = "EfCore.UnitOfWork.UnitTests", "EfCore.UnitOfWork.UnitTests\EfCore.UnitOfWork.UnitTests.csproj", "{FBFF6D00-B081-4319-98A7-E66884830C1F}"
EndProject
Global
	GlobalSection(SolutionConfigurationPlatforms) = preSolution
		Debug|Any CPU = Debug|Any CPU
		Release|Any CPU = Release|Any CPU
	EndGlobalSection
	GlobalSection(ProjectConfigurationPlatforms) = postSolution
		{EFFD641D-20F9-44F9-BD58-7DEA02ACB9A0}.Debug|Any CPU.ActiveCfg = Debug|Any CPU
		{EFFD641D-20F9-44F9-BD58-7DEA02ACB9A0}.Debug|Any CPU.Build.0 = Debug|Any CPU
		{EFFD641D-20F9-44F9-BD58-7DEA02ACB9A0}.Release|Any CPU.ActiveCfg = Release|Any CPU
		{EFFD641D-20F9-44F9-BD58-7DEA02ACB9A0}.Release|Any CPU.Build.0 = Release|Any CPU
		{FBFF6D00-B081-4319-98A7-E66884830C1F}.Debug|Any CPU.ActiveCfg = Debug|Any CPU
		{FBFF6D00-B081-4319-98A7-E66884830C1F}.Debug|Any CPU.Build.0 = Debug|Any CPU
		{FBFF6D00-B081-4319-98A7-E66884830C1F}.Release|Any CPU.ActiveCfg = Release|Any CPU
		{FBFF6D00-B081-4319-98A7-E66884830C1F}.Release|Any CPU.Build.0 = Release|Any CPU
	EndGlobalSection
	GlobalSection(SolutionProperties) = preSolution
		HideSolutionNode = FALSE
	EndGlobalSection
	GlobalSection(NestedProjects) = preSolution
	EndGlobalSection
EndGlobal
