
Microsoft Visual Studio Solution File, Format Version 12.00
Project("{FAE04EC0-301F-11D3-BF4B-00C04F79EFBC}") = "EfCore.UnitOfWork", "EfCore.UnitOfWork\EfCore.UnitOfWork.csproj", "{131A63B8-290E-4B6B-BCB4-0C9EAE065CE6}"
EndProject
Project("{FAE04EC0-301F-11D3-BF4B-00C04F79EFBC}") = "EfCore.UnitOfWork.UnitTests", "EfCore.UnitOfWork.UnitTests\EfCore.UnitOfWork.UnitTests.csproj", "{EBE33473-DCB2-4790-B549-E9B8749C10AE}"
EndProject
Global
	GlobalSection(SolutionConfigurationPlatforms) = preSolution
		Debug|Any CPU = Debug|Any CPU
		Release|Any CPU = Release|Any CPU
	EndGlobalSection
	GlobalSection(ProjectConfigurationPlatforms) = postSolution
		{131A63B8-290E-4B6B-BCB4-0C9EAE065CE6}.Debug|Any CPU.ActiveCfg = Debug|Any CPU
		{131A63B8-290E-4B6B-BCB4-0C9EAE065CE6}.Debug|Any CPU.Build.0 = Debug|Any CPU
		{131A63B8-290E-4B6B-BCB4-0C9EAE065CE6}.Release|Any CPU.ActiveCfg = Release|Any CPU
		{131A63B8-290E-4B6B-BCB4-0C9EAE065CE6}.Release|Any CPU.Build.0 = Release|Any CPU
		{EBE33473-DCB2-4790-B549-E9B8749C10AE}.Debug|Any CPU.ActiveCfg = Debug|Any CPU
		{EBE33473-DCB2-4790-B549-E9B8749C10AE}.Debug|Any CPU.Build.0 = Debug|Any CPU
		{EBE33473-DCB2-4790-B549-E9B8749C10AE}.Release|Any CPU.ActiveCfg = Release|Any CPU
		{EBE33473-DCB2-4790-B549-E9B8749C10AE}.Release|Any CPU.Build.0 = Release|Any CPU
	EndGlobalSection
EndGlobal
